// !$*UTF8*$!
{
	archiveVersion = 1;
	classes = {
	};
	objectVersion = 46;
	objects = {

/* Begin PBXBuildFile section */
		297122571E6C2AD900705863 /* EntryViewController.swift in Sources */ = {isa = PBXBuildFile; fileRef = 297122561E6C2AD900705863 /* EntryViewController.swift */; };
		297122591E6C2BB200705863 /* StaticInfoViewController.swift in Sources */ = {isa = PBXBuildFile; fileRef = 297122581E6C2BB200705863 /* StaticInfoViewController.swift */; };
		2971225B1E6C588A00705863 /* LoginViewController.swift in Sources */ = {isa = PBXBuildFile; fileRef = 2971225A1E6C588A00705863 /* LoginViewController.swift */; };
		2971225D1E6C58C400705863 /* RegisterViewController.swift in Sources */ = {isa = PBXBuildFile; fileRef = 2971225C1E6C58C400705863 /* RegisterViewController.swift */; };
		2971225F1E6C58E400705863 /* FogetPassViewController.swift in Sources */ = {isa = PBXBuildFile; fileRef = 2971225E1E6C58E400705863 /* FogetPassViewController.swift */; };
		297122611E6C598F00705863 /* MyDnationsVC.swift in Sources */ = {isa = PBXBuildFile; fileRef = 297122601E6C598F00705863 /* MyDnationsVC.swift */; };
		297122631E6C5A2000705863 /* BookAppViewController.swift in Sources */ = {isa = PBXBuildFile; fileRef = 297122621E6C5A2000705863 /* BookAppViewController.swift */; };
		297122651E6C753A00705863 /* DonorProfileVC.swift in Sources */ = {isa = PBXBuildFile; fileRef = 297122641E6C753A00705863 /* DonorProfileVC.swift */; };
		29FFBD401E9CB709003BF51C /* CustomTVC.swift in Sources */ = {isa = PBXBuildFile; fileRef = 29FFBD3C1E9CB709003BF51C /* CustomTVC.swift */; };
		29FFBD411E9CB709003BF51C /* NotfcationVC.swift in Sources */ = {isa = PBXBuildFile; fileRef = 29FFBD3D1E9CB709003BF51C /* NotfcationVC.swift */; };
		29FFBD421E9CB709003BF51C /* NotifcationTVC.swift in Sources */ = {isa = PBXBuildFile; fileRef = 29FFBD3E1E9CB709003BF51C /* NotifcationTVC.swift */; };
		29FFBD431E9CB709003BF51C /* ShareViewController.swift in Sources */ = {isa = PBXBuildFile; fileRef = 29FFBD3F1E9CB709003BF51C /* ShareViewController.swift */; };
		29FFBD491E9CDDD1003BF51C /* SettingsVC.swift in Sources */ = {isa = PBXBuildFile; fileRef = 29FFBD481E9CDDD1003BF51C /* SettingsVC.swift */; };
		29FFBD6F1E9E0A0B003BF51C /* reach.swift in Sources */ = {isa = PBXBuildFile; fileRef = 29FFBD6E1E9E0A0B003BF51C /* reach.swift */; };
		52CC04F41E6B2F2400BC93A9 /* AppDelegate.swift in Sources */ = {isa = PBXBuildFile; fileRef = 52CC04F31E6B2F2400BC93A9 /* AppDelegate.swift */; };
		52CC04F61E6B2F2400BC93A9 /* ViewController.swift in Sources */ = {isa = PBXBuildFile; fileRef = 52CC04F51E6B2F2400BC93A9 /* ViewController.swift */; };
		52CC04F91E6B2F2500BC93A9 /* Main.storyboard in Resources */ = {isa = PBXBuildFile; fileRef = 52CC04F71E6B2F2500BC93A9 /* Main.storyboard */; };
		52CC04FB1E6B2F2600BC93A9 /* Assets.xcassets in Resources */ = {isa = PBXBuildFile; fileRef = 52CC04FA1E6B2F2600BC93A9 /* Assets.xcassets */; };
		52CC04FE1E6B2F2600BC93A9 /* LaunchScreen.storyboard in Resources */ = {isa = PBXBuildFile; fileRef = 52CC04FC1E6B2F2600BC93A9 /* LaunchScreen.storyboard */; };
		52CC05071E6B407E00BC93A9 /* Networking.swift in Sources */ = {isa = PBXBuildFile; fileRef = 52CC05051E6B407E00BC93A9 /* Networking.swift */; };
		52CC05081E6B407E00BC93A9 /* OutputResult.swift in Sources */ = {isa = PBXBuildFile; fileRef = 52CC05061E6B407E00BC93A9 /* OutputResult.swift */; };
		52CC050C1E6B40FC00BC93A9 /* Podfile in Resources */ = {isa = PBXBuildFile; fileRef = 52CC050B1E6B40FC00BC93A9 /* Podfile */; };
		52CC05101E6B413900BC93A9 /* DataHolder.swift in Sources */ = {isa = PBXBuildFile; fileRef = 52CC050F1E6B413900BC93A9 /* DataHolder.swift */; };
		52CC05121E6B41C400BC93A9 /* Validator.swift in Sources */ = {isa = PBXBuildFile; fileRef = 52CC05111E6B41C400BC93A9 /* Validator.swift */; };
		52CC05141E6B41EC00BC93A9 /* Printer.swift in Sources */ = {isa = PBXBuildFile; fileRef = 52CC05131E6B41EC00BC93A9 /* Printer.swift */; };
		52CC05161E6B4A4100BC93A9 /* UserDH.swift in Sources */ = {isa = PBXBuildFile; fileRef = 52CC05151E6B4A4100BC93A9 /* UserDH.swift */; };
		52CC05181E6B4E1300BC93A9 /* Const.swift in Sources */ = {isa = PBXBuildFile; fileRef = 52CC05171E6B4E1300BC93A9 /* Const.swift */; };
		52CC051A1E6B53D300BC93A9 /* PathsManager.swift in Sources */ = {isa = PBXBuildFile; fileRef = 52CC05191E6B53D300BC93A9 /* PathsManager.swift */; };
		625258405D3A2BB46D2011A3 /* Pods_MHealth.framework in Frameworks */ = {isa = PBXBuildFile; fileRef = 8CDB312C5DB17542FF3D2128 /* Pods_MHealth.framework */; };
		8822E67E1E6D37C2006B8317 /* Donor.swift in Sources */ = {isa = PBXBuildFile; fileRef = 8822E67D1E6D37C2006B8317 /* Donor.swift */; };
		8822E6821E6E98F1006B8317 /* DoneController.swift in Sources */ = {isa = PBXBuildFile; fileRef = 8822E6811E6E98F1006B8317 /* DoneController.swift */; };
		8822E6861E6FFB6A006B8317 /* Branchs.swift in Sources */ = {isa = PBXBuildFile; fileRef = 8822E6851E6FFB6A006B8317 /* Branchs.swift */; };
		882575F91EA362A00072C724 /* Alert.swift in Sources */ = {isa = PBXBuildFile; fileRef = 882575F81EA362A00072C724 /* Alert.swift */; };
		882DF5DA1EA8D963005FE15D /* VideoVC.swift in Sources */ = {isa = PBXBuildFile; fileRef = 882DF5D91EA8D963005FE15D /* VideoVC.swift */; };
		882DF5E11EA93409005FE15D /* landscapeAVplayerController.swift in Sources */ = {isa = PBXBuildFile; fileRef = 882DF5E01EA93409005FE15D /* landscapeAVplayerController.swift */; };
		88DA2A3A1EABB123000ECB4F /* final.mp4 in Resources */ = {isa = PBXBuildFile; fileRef = 88DA2A391EABB123000ECB4F /* final.mp4 */; };
		EA0B43E61E715161009C33A8 /* Slot.swift in Sources */ = {isa = PBXBuildFile; fileRef = EA0B43E51E715161009C33A8 /* Slot.swift */; };
		EA3EABB61E9B704E00BF643F /* Donations.swift in Sources */ = {isa = PBXBuildFile; fileRef = EA3EABB51E9B704E00BF643F /* Donations.swift */; };
		EA3EABDA1E9E273400BF643F /* CustomUpcomingTableViewCell.swift in Sources */ = {isa = PBXBuildFile; fileRef = EA3EABD91E9E273400BF643F /* CustomUpcomingTableViewCell.swift */; };
		EA3EABDC1E9E352700BF643F /* CustomPrevious.swift in Sources */ = {isa = PBXBuildFile; fileRef = EA3EABDB1E9E352700BF643F /* CustomPrevious.swift */; };
		EA3EABDE1E9F3FB200BF643F /* CustomCampaigns.swift in Sources */ = {isa = PBXBuildFile; fileRef = EA3EABDD1E9F3FB200BF643F /* CustomCampaigns.swift */; };
		EA3EABE01E9F3FD800BF643F /* Campaigns.swift in Sources */ = {isa = PBXBuildFile; fileRef = EA3EABDF1E9F3FD800BF643F /* Campaigns.swift */; };
		EA3EABE21E9F564F00BF643F /* ViewCampaigns.swift in Sources */ = {isa = PBXBuildFile; fileRef = EA3EABE11E9F564F00BF643F /* ViewCampaigns.swift */; };
		EA3EABE41E9F59B800BF643F /* Campaign.swift in Sources */ = {isa = PBXBuildFile; fileRef = EA3EABE31E9F59B800BF643F /* Campaign.swift */; };
		EA3EABE61E9F5BAD00BF643F /* ListManager.swift in Sources */ = {isa = PBXBuildFile; fileRef = EA3EABE51E9F5BAD00BF643F /* ListManager.swift */; };
		EA3EABE81E9F7F4300BF643F /* MapKit.framework in Frameworks */ = {isa = PBXBuildFile; fileRef = EA3EABE71E9F7F4200BF643F /* MapKit.framework */; };
		EA57148C1E9B5C770054914E /* UpcomingTableVC.swift in Sources */ = {isa = PBXBuildFile; fileRef = EA57148B1E9B5C770054914E /* UpcomingTableVC.swift */; };
		EA57148E1E9B5D430054914E /* MyPreviousDonation.swift in Sources */ = {isa = PBXBuildFile; fileRef = EA57148D1E9B5D430054914E /* MyPreviousDonation.swift */; };
/* End PBXBuildFile section */

/* Begin PBXFileReference section */
		20300A90085D875DF02F3899 /* Pods-MHealth.release.xcconfig */ = {isa = PBXFileReference; includeInIndex = 1; lastKnownFileType = text.xcconfig; name = "Pods-MHealth.release.xcconfig"; path = "Pods/Target Support Files/Pods-MHealth/Pods-MHealth.release.xcconfig"; sourceTree = "<group>"; };
		297122561E6C2AD900705863 /* EntryViewController.swift */ = {isa = PBXFileReference; fileEncoding = 4; lastKnownFileType = sourcecode.swift; path = EntryViewController.swift; sourceTree = "<group>"; };
		297122581E6C2BB200705863 /* StaticInfoViewController.swift */ = {isa = PBXFileReference; fileEncoding = 4; lastKnownFileType = sourcecode.swift; path = StaticInfoViewController.swift; sourceTree = "<group>"; };
		2971225A1E6C588A00705863 /* LoginViewController.swift */ = {isa = PBXFileReference; fileEncoding = 4; lastKnownFileType = sourcecode.swift; path = LoginViewController.swift; sourceTree = "<group>"; };
		2971225C1E6C58C400705863 /* RegisterViewController.swift */ = {isa = PBXFileReference; fileEncoding = 4; lastKnownFileType = sourcecode.swift; path = RegisterViewController.swift; sourceTree = "<group>"; };
		2971225E1E6C58E400705863 /* FogetPassViewController.swift */ = {isa = PBXFileReference; fileEncoding = 4; lastKnownFileType = sourcecode.swift; path = FogetPassViewController.swift; sourceTree = "<group>"; };
		297122601E6C598F00705863 /* MyDnationsVC.swift */ = {isa = PBXFileReference; fileEncoding = 4; lastKnownFileType = sourcecode.swift; path = MyDnationsVC.swift; sourceTree = "<group>"; };
		297122621E6C5A2000705863 /* BookAppViewController.swift */ = {isa = PBXFileReference; fileEncoding = 4; lastKnownFileType = sourcecode.swift; path = BookAppViewController.swift; sourceTree = "<group>"; };
		297122641E6C753A00705863 /* DonorProfileVC.swift */ = {isa = PBXFileReference; fileEncoding = 4; lastKnownFileType = sourcecode.swift; path = DonorProfileVC.swift; sourceTree = "<group>"; };
		29FFBD3C1E9CB709003BF51C /* CustomTVC.swift */ = {isa = PBXFileReference; lastKnownFileType = sourcecode.swift; path = CustomTVC.swift; sourceTree = "<group>"; };
		29FFBD3D1E9CB709003BF51C /* NotfcationVC.swift */ = {isa = PBXFileReference; lastKnownFileType = sourcecode.swift; path = NotfcationVC.swift; sourceTree = "<group>"; };
		29FFBD3E1E9CB709003BF51C /* NotifcationTVC.swift */ = {isa = PBXFileReference; lastKnownFileType = sourcecode.swift; path = NotifcationTVC.swift; sourceTree = "<group>"; };
		29FFBD3F1E9CB709003BF51C /* ShareViewController.swift */ = {isa = PBXFileReference; lastKnownFileType = sourcecode.swift; path = ShareViewController.swift; sourceTree = "<group>"; };
		29FFBD481E9CDDD1003BF51C /* SettingsVC.swift */ = {isa = PBXFileReference; fileEncoding = 4; lastKnownFileType = sourcecode.swift; path = SettingsVC.swift; sourceTree = "<group>"; };
		29FFBD6E1E9E0A0B003BF51C /* reach.swift */ = {isa = PBXFileReference; fileEncoding = 4; lastKnownFileType = sourcecode.swift; path = reach.swift; sourceTree = "<group>"; };
		52CC04F01E6B2F2300BC93A9 /* MHealth.app */ = {isa = PBXFileReference; explicitFileType = wrapper.application; includeInIndex = 0; path = MHealth.app; sourceTree = BUILT_PRODUCTS_DIR; };
		52CC04F31E6B2F2400BC93A9 /* AppDelegate.swift */ = {isa = PBXFileReference; lastKnownFileType = sourcecode.swift; path = AppDelegate.swift; sourceTree = "<group>"; };
		52CC04F51E6B2F2400BC93A9 /* ViewController.swift */ = {isa = PBXFileReference; lastKnownFileType = sourcecode.swift; path = ViewController.swift; sourceTree = "<group>"; };
		52CC04F81E6B2F2500BC93A9 /* Base */ = {isa = PBXFileReference; lastKnownFileType = file.storyboard; name = Base; path = Base.lproj/Main.storyboard; sourceTree = "<group>"; };
		52CC04FA1E6B2F2600BC93A9 /* Assets.xcassets */ = {isa = PBXFileReference; lastKnownFileType = folder.assetcatalog; path = Assets.xcassets; sourceTree = "<group>"; };
		52CC04FD1E6B2F2600BC93A9 /* Base */ = {isa = PBXFileReference; lastKnownFileType = file.storyboard; name = Base; path = Base.lproj/LaunchScreen.storyboard; sourceTree = "<group>"; };
		52CC04FF1E6B2F2600BC93A9 /* Info.plist */ = {isa = PBXFileReference; lastKnownFileType = text.plist.xml; path = Info.plist; sourceTree = "<group>"; };
		52CC05051E6B407E00BC93A9 /* Networking.swift */ = {isa = PBXFileReference; fileEncoding = 4; lastKnownFileType = sourcecode.swift; path = Networking.swift; sourceTree = "<group>"; };
		52CC05061E6B407E00BC93A9 /* OutputResult.swift */ = {isa = PBXFileReference; fileEncoding = 4; lastKnownFileType = sourcecode.swift; path = OutputResult.swift; sourceTree = "<group>"; };
		52CC050B1E6B40FC00BC93A9 /* Podfile */ = {isa = PBXFileReference; fileEncoding = 4; lastKnownFileType = text; path = Podfile; sourceTree = "<group>"; };
		52CC050F1E6B413900BC93A9 /* DataHolder.swift */ = {isa = PBXFileReference; fileEncoding = 4; lastKnownFileType = sourcecode.swift; path = DataHolder.swift; sourceTree = "<group>"; };
		52CC05111E6B41C400BC93A9 /* Validator.swift */ = {isa = PBXFileReference; fileEncoding = 4; lastKnownFileType = sourcecode.swift; path = Validator.swift; sourceTree = "<group>"; };
		52CC05131E6B41EC00BC93A9 /* Printer.swift */ = {isa = PBXFileReference; fileEncoding = 4; lastKnownFileType = sourcecode.swift; path = Printer.swift; sourceTree = "<group>"; };
		52CC05151E6B4A4100BC93A9 /* UserDH.swift */ = {isa = PBXFileReference; fileEncoding = 4; lastKnownFileType = sourcecode.swift; path = UserDH.swift; sourceTree = "<group>"; };
		52CC05171E6B4E1300BC93A9 /* Const.swift */ = {isa = PBXFileReference; fileEncoding = 4; lastKnownFileType = sourcecode.swift; path = Const.swift; sourceTree = "<group>"; };
		52CC05191E6B53D300BC93A9 /* PathsManager.swift */ = {isa = PBXFileReference; fileEncoding = 4; lastKnownFileType = sourcecode.swift; path = PathsManager.swift; sourceTree = "<group>"; };
		8822E67D1E6D37C2006B8317 /* Donor.swift */ = {isa = PBXFileReference; fileEncoding = 4; lastKnownFileType = sourcecode.swift; path = Donor.swift; sourceTree = "<group>"; };
		8822E6811E6E98F1006B8317 /* DoneController.swift */ = {isa = PBXFileReference; fileEncoding = 4; lastKnownFileType = sourcecode.swift; path = DoneController.swift; sourceTree = "<group>"; };
		8822E6851E6FFB6A006B8317 /* Branchs.swift */ = {isa = PBXFileReference; fileEncoding = 4; lastKnownFileType = sourcecode.swift; path = Branchs.swift; sourceTree = "<group>"; };
		882575F81EA362A00072C724 /* Alert.swift */ = {isa = PBXFileReference; fileEncoding = 4; lastKnownFileType = sourcecode.swift; path = Alert.swift; sourceTree = "<group>"; };
		882995401EA4A79F00AE0F39 /* ar */ = {isa = PBXFileReference; lastKnownFileType = text.plist.strings; name = ar; path = ar.lproj/LaunchScreen.strings; sourceTree = "<group>"; };
		8829954A1EA4E13500AE0F39 /* ar */ = {isa = PBXFileReference; lastKnownFileType = text.plist.strings; name = ar; path = ar.lproj/Main.strings; sourceTree = "<group>"; };
		882DF5D91EA8D963005FE15D /* VideoVC.swift */ = {isa = PBXFileReference; fileEncoding = 4; lastKnownFileType = sourcecode.swift; path = VideoVC.swift; sourceTree = "<group>"; };
		882DF5DB1EA8DD1F005FE15D /* movie3.mp4 */ = {isa = PBXFileReference; lastKnownFileType = file; path = movie3.mp4; sourceTree = "<group>"; };
		882DF5DC1EA92E7C005FE15D /* movie2.mp4 */ = {isa = PBXFileReference; lastKnownFileType = file; path = movie2.mp4; sourceTree = "<group>"; };
		882DF5DD1EA931EA005FE15D /* movie1.mp4 */ = {isa = PBXFileReference; lastKnownFileType = file; path = movie1.mp4; sourceTree = "<group>"; };
		882DF5E01EA93409005FE15D /* landscapeAVplayerController.swift */ = {isa = PBXFileReference; fileEncoding = 4; lastKnownFileType = sourcecode.swift; path = landscapeAVplayerController.swift; sourceTree = "<group>"; };
		88DA2A391EABB123000ECB4F /* final.mp4 */ = {isa = PBXFileReference; lastKnownFileType = file; path = final.mp4; sourceTree = "<group>"; };
		8CDB312C5DB17542FF3D2128 /* Pods_MHealth.framework */ = {isa = PBXFileReference; explicitFileType = wrapper.framework; includeInIndex = 0; path = Pods_MHealth.framework; sourceTree = BUILT_PRODUCTS_DIR; };
		9A2E775B3980EE75173FA376 /* Pods-MHealth.debug.xcconfig */ = {isa = PBXFileReference; includeInIndex = 1; lastKnownFileType = text.xcconfig; name = "Pods-MHealth.debug.xcconfig"; path = "Pods/Target Support Files/Pods-MHealth/Pods-MHealth.debug.xcconfig"; sourceTree = "<group>"; };
		EA0B43E51E715161009C33A8 /* Slot.swift */ = {isa = PBXFileReference; fileEncoding = 4; lastKnownFileType = sourcecode.swift; path = Slot.swift; sourceTree = "<group>"; };
		EA3EABB51E9B704E00BF643F /* Donations.swift */ = {isa = PBXFileReference; fileEncoding = 4; lastKnownFileType = sourcecode.swift; path = Donations.swift; sourceTree = "<group>"; };
		EA3EABD91E9E273400BF643F /* CustomUpcomingTableViewCell.swift */ = {isa = PBXFileReference; fileEncoding = 4; lastKnownFileType = sourcecode.swift; path = CustomUpcomingTableViewCell.swift; sourceTree = "<group>"; };
		EA3EABDB1E9E352700BF643F /* CustomPrevious.swift */ = {isa = PBXFileReference; fileEncoding = 4; lastKnownFileType = sourcecode.swift; path = CustomPrevious.swift; sourceTree = "<group>"; };
		EA3EABDD1E9F3FB200BF643F /* CustomCampaigns.swift */ = {isa = PBXFileReference; fileEncoding = 4; lastKnownFileType = sourcecode.swift; path = CustomCampaigns.swift; sourceTree = "<group>"; };
		EA3EABDF1E9F3FD800BF643F /* Campaigns.swift */ = {isa = PBXFileReference; fileEncoding = 4; lastKnownFileType = sourcecode.swift; path = Campaigns.swift; sourceTree = "<group>"; };
		EA3EABE11E9F564F00BF643F /* ViewCampaigns.swift */ = {isa = PBXFileReference; fileEncoding = 4; lastKnownFileType = sourcecode.swift; path = ViewCampaigns.swift; sourceTree = "<group>"; };
		EA3EABE31E9F59B800BF643F /* Campaign.swift */ = {isa = PBXFileReference; fileEncoding = 4; lastKnownFileType = sourcecode.swift; path = Campaign.swift; sourceTree = "<group>"; };
		EA3EABE51E9F5BAD00BF643F /* ListManager.swift */ = {isa = PBXFileReference; fileEncoding = 4; lastKnownFileType = sourcecode.swift; path = ListManager.swift; sourceTree = "<group>"; };
		EA3EABE71E9F7F4200BF643F /* MapKit.framework */ = {isa = PBXFileReference; lastKnownFileType = wrapper.framework; name = MapKit.framework; path = System/Library/Frameworks/MapKit.framework; sourceTree = SDKROOT; };
		EA57148B1E9B5C770054914E /* UpcomingTableVC.swift */ = {isa = PBXFileReference; fileEncoding = 4; lastKnownFileType = sourcecode.swift; path = UpcomingTableVC.swift; sourceTree = "<group>"; };
		EA57148D1E9B5D430054914E /* MyPreviousDonation.swift */ = {isa = PBXFileReference; fileEncoding = 4; lastKnownFileType = sourcecode.swift; path = MyPreviousDonation.swift; sourceTree = "<group>"; };
/* End PBXFileReference section */

/* Begin PBXFrameworksBuildPhase section */
		52CC04ED1E6B2F2200BC93A9 /* Frameworks */ = {
			isa = PBXFrameworksBuildPhase;
			buildActionMask = 2147483647;
			files = (
				EA3EABE81E9F7F4300BF643F /* MapKit.framework in Frameworks */,
				625258405D3A2BB46D2011A3 /* Pods_MHealth.framework in Frameworks */,
			);
			runOnlyForDeploymentPostprocessing = 0;
		};
/* End PBXFrameworksBuildPhase section */

/* Begin PBXGroup section */
		52CC04E71E6B2F1F00BC93A9 = {
			isa = PBXGroup;
			children = (
				52CC04F21E6B2F2400BC93A9 /* MHealth */,
				52CC04F11E6B2F2300BC93A9 /* Products */,
				BCA9C5858DDB0F223DE84BE6 /* Pods */,
				B3F1570B851D19063A2234CC /* Frameworks */,
			);
			sourceTree = "<group>";
		};
		52CC04F11E6B2F2300BC93A9 /* Products */ = {
			isa = PBXGroup;
			children = (
				52CC04F01E6B2F2300BC93A9 /* MHealth.app */,
			);
			name = Products;
			sourceTree = "<group>";
		};
		52CC04F21E6B2F2400BC93A9 /* MHealth */ = {
			isa = PBXGroup;
			children = (
				52CC050E1E6B411100BC93A9 /* Utils */,
				52CC050D1E6B410B00BC93A9 /* Entities */,
				52CC050A1E6B40A800BC93A9 /* Networking */,
				52CC05091E6B408800BC93A9 /* ViewControllers */,
				52CC04F31E6B2F2400BC93A9 /* AppDelegate.swift */,
				52CC04F71E6B2F2500BC93A9 /* Main.storyboard */,
				52CC04FA1E6B2F2600BC93A9 /* Assets.xcassets */,
				52CC04FC1E6B2F2600BC93A9 /* LaunchScreen.storyboard */,
				52CC04FF1E6B2F2600BC93A9 /* Info.plist */,
			);
			path = MHealth;
			sourceTree = "<group>";
		};
		52CC05091E6B408800BC93A9 /* ViewControllers */ = {
			isa = PBXGroup;
			children = (
				29FFBD3C1E9CB709003BF51C /* CustomTVC.swift */,
				EA3EABD91E9E273400BF643F /* CustomUpcomingTableViewCell.swift */,
				29FFBD3D1E9CB709003BF51C /* NotfcationVC.swift */,
				29FFBD3E1E9CB709003BF51C /* NotifcationTVC.swift */,
				29FFBD3F1E9CB709003BF51C /* ShareViewController.swift */,
				52CC04F51E6B2F2400BC93A9 /* ViewController.swift */,
				297122561E6C2AD900705863 /* EntryViewController.swift */,
				297122581E6C2BB200705863 /* StaticInfoViewController.swift */,
				2971225A1E6C588A00705863 /* LoginViewController.swift */,
				2971225C1E6C58C400705863 /* RegisterViewController.swift */,
				2971225E1E6C58E400705863 /* FogetPassViewController.swift */,
				297122601E6C598F00705863 /* MyDnationsVC.swift */,
				297122641E6C753A00705863 /* DonorProfileVC.swift */,
				297122621E6C5A2000705863 /* BookAppViewController.swift */,
				8822E6811E6E98F1006B8317 /* DoneController.swift */,
				EA57148B1E9B5C770054914E /* UpcomingTableVC.swift */,
				EA57148D1E9B5D430054914E /* MyPreviousDonation.swift */,
				EA3EABB51E9B704E00BF643F /* Donations.swift */,
				29FFBD481E9CDDD1003BF51C /* SettingsVC.swift */,
				EA3EABDB1E9E352700BF643F /* CustomPrevious.swift */,
				EA3EABDD1E9F3FB200BF643F /* CustomCampaigns.swift */,
				EA3EABDF1E9F3FD800BF643F /* Campaigns.swift */,
				EA3EABE11E9F564F00BF643F /* ViewCampaigns.swift */,
				882DF5D91EA8D963005FE15D /* VideoVC.swift */,
			);
			name = ViewControllers;
			sourceTree = "<group>";
		};
		52CC050A1E6B40A800BC93A9 /* Networking */ = {
			isa = PBXGroup;
			children = (
				52CC050B1E6B40FC00BC93A9 /* Podfile */,
				52CC05051E6B407E00BC93A9 /* Networking.swift */,
				52CC05061E6B407E00BC93A9 /* OutputResult.swift */,
				52CC05171E6B4E1300BC93A9 /* Const.swift */,
			);
			name = Networking;
			sourceTree = "<group>";
		};
		52CC050D1E6B410B00BC93A9 /* Entities */ = {
			isa = PBXGroup;
			children = (
				52CC050F1E6B413900BC93A9 /* DataHolder.swift */,
				52CC05151E6B4A4100BC93A9 /* UserDH.swift */,
				8822E67D1E6D37C2006B8317 /* Donor.swift */,
				8822E6851E6FFB6A006B8317 /* Branchs.swift */,
				EA0B43E51E715161009C33A8 /* Slot.swift */,
				EA3EABE31E9F59B800BF643F /* Campaign.swift */,
			);
			name = Entities;
			sourceTree = "<group>";
		};
		52CC050E1E6B411100BC93A9 /* Utils */ = {
			isa = PBXGroup;
			children = (
				88DA2A391EABB123000ECB4F /* final.mp4 */,
				52CC05191E6B53D300BC93A9 /* PathsManager.swift */,
				52CC05111E6B41C400BC93A9 /* Validator.swift */,
				882DF5DB1EA8DD1F005FE15D /* movie3.mp4 */,
				882DF5DD1EA931EA005FE15D /* movie1.mp4 */,
				882DF5DC1EA92E7C005FE15D /* movie2.mp4 */,
				52CC05131E6B41EC00BC93A9 /* Printer.swift */,
				29FFBD6E1E9E0A0B003BF51C /* reach.swift */,
				EA3EABE51E9F5BAD00BF643F /* ListManager.swift */,
				882575F81EA362A00072C724 /* Alert.swift */,
				882DF5E01EA93409005FE15D /* landscapeAVplayerController.swift */,
			);
			name = Utils;
			sourceTree = "<group>";
		};
		B3F1570B851D19063A2234CC /* Frameworks */ = {
			isa = PBXGroup;
			children = (
				EA3EABE71E9F7F4200BF643F /* MapKit.framework */,
				8CDB312C5DB17542FF3D2128 /* Pods_MHealth.framework */,
			);
			name = Frameworks;
			sourceTree = "<group>";
		};
		BCA9C5858DDB0F223DE84BE6 /* Pods */ = {
			isa = PBXGroup;
			children = (
				9A2E775B3980EE75173FA376 /* Pods-MHealth.debug.xcconfig */,
				20300A90085D875DF02F3899 /* Pods-MHealth.release.xcconfig */,
			);
			name = Pods;
			sourceTree = "<group>";
		};
/* End PBXGroup section */

/* Begin PBXNativeTarget section */
		52CC04EF1E6B2F2200BC93A9 /* MHealth */ = {
			isa = PBXNativeTarget;
			buildConfigurationList = 52CC05021E6B2F2600BC93A9 /* Build configuration list for PBXNativeTarget "MHealth" */;
			buildPhases = (
				3EF0BF1140F9DBD61F09C2EA /* [CP] Check Pods Manifest.lock */,
				52CC04EC1E6B2F2200BC93A9 /* Sources */,
				52CC04ED1E6B2F2200BC93A9 /* Frameworks */,
				52CC04EE1E6B2F2200BC93A9 /* Resources */,
				326C999A56DFA65FB265BD4A /* [CP] Embed Pods Frameworks */,
				2CB79635C8803774EAF4414E /* [CP] Copy Pods Resources */,
			);
			buildRules = (
			);
			dependencies = (
			);
			name = MHealth;
			productName = MHealth;
			productReference = 52CC04F01E6B2F2300BC93A9 /* MHealth.app */;
			productType = "com.apple.product-type.application";
		};
/* End PBXNativeTarget section */

/* Begin PBXProject section */
		52CC04E81E6B2F2100BC93A9 /* Project object */ = {
			isa = PBXProject;
			attributes = {
				LastSwiftUpdateCheck = 0730;
				LastUpgradeCheck = 0730;
				ORGANIZATIONNAME = PIFSS;
				TargetAttributes = {
					52CC04EF1E6B2F2200BC93A9 = {
						CreatedOnToolsVersion = 7.3;
					};
				};
			};
			buildConfigurationList = 52CC04EB1E6B2F2100BC93A9 /* Build configuration list for PBXProject "MHealth" */;
			compatibilityVersion = "Xcode 3.2";
			developmentRegion = English;
			hasScannedForEncodings = 0;
			knownRegions = (
				en,
				Base,
				ar,
			);
			mainGroup = 52CC04E71E6B2F1F00BC93A9;
			productRefGroup = 52CC04F11E6B2F2300BC93A9 /* Products */;
			projectDirPath = "";
			projectRoot = "";
			targets = (
				52CC04EF1E6B2F2200BC93A9 /* MHealth */,
			);
		};
/* End PBXProject section */

/* Begin PBXResourcesBuildPhase section */
		52CC04EE1E6B2F2200BC93A9 /* Resources */ = {
			isa = PBXResourcesBuildPhase;
			buildActionMask = 2147483647;
			files = (
				52CC04FE1E6B2F2600BC93A9 /* LaunchScreen.storyboard in Resources */,
				88DA2A3A1EABB123000ECB4F /* final.mp4 in Resources */,
				52CC04FB1E6B2F2600BC93A9 /* Assets.xcassets in Resources */,
				52CC050C1E6B40FC00BC93A9 /* Podfile in Resources */,
				52CC04F91E6B2F2500BC93A9 /* Main.storyboard in Resources */,
			);
			runOnlyForDeploymentPostprocessing = 0;
		};
/* End PBXResourcesBuildPhase section */

/* Begin PBXShellScriptBuildPhase section */
		2CB79635C8803774EAF4414E /* [CP] Copy Pods Resources */ = {
			isa = PBXShellScriptBuildPhase;
			buildActionMask = 2147483647;
			files = (
			);
			inputPaths = (
			);
			name = "[CP] Copy Pods Resources";
			outputPaths = (
			);
			runOnlyForDeploymentPostprocessing = 0;
			shellPath = /bin/sh;
			shellScript = "\"${SRCROOT}/Pods/Target Support Files/Pods-MHealth/Pods-MHealth-resources.sh\"\n";
			showEnvVarsInLog = 0;
		};
		326C999A56DFA65FB265BD4A /* [CP] Embed Pods Frameworks */ = {
			isa = PBXShellScriptBuildPhase;
			buildActionMask = 2147483647;
			files = (
			);
			inputPaths = (
			);
			name = "[CP] Embed Pods Frameworks";
			outputPaths = (
			);
			runOnlyForDeploymentPostprocessing = 0;
			shellPath = /bin/sh;
			shellScript = "\"${SRCROOT}/Pods/Target Support Files/Pods-MHealth/Pods-MHealth-frameworks.sh\"\n";
			showEnvVarsInLog = 0;
		};
		3EF0BF1140F9DBD61F09C2EA /* [CP] Check Pods Manifest.lock */ = {
			isa = PBXShellScriptBuildPhase;
			buildActionMask = 2147483647;
			files = (
			);
			inputPaths = (
			);
			name = "[CP] Check Pods Manifest.lock";
			outputPaths = (
			);
			runOnlyForDeploymentPostprocessing = 0;
			shellPath = /bin/sh;
			shellScript = "diff \"${PODS_ROOT}/../Podfile.lock\" \"${PODS_ROOT}/Manifest.lock\" > /dev/null\nif [ $? != 0 ] ; then\n    # print error to STDERR\n    echo \"error: The sandbox is not in sync with the Podfile.lock. Run 'pod install' or update your CocoaPods installation.\" >&2\n    exit 1\nfi\n";
			showEnvVarsInLog = 0;
		};
/* End PBXShellScriptBuildPhase section */

/* Begin PBXSourcesBuildPhase section */
		52CC04EC1E6B2F2200BC93A9 /* Sources */ = {
			isa = PBXSourcesBuildPhase;
			buildActionMask = 2147483647;
			files = (
				882DF5DA1EA8D963005FE15D /* VideoVC.swift in Sources */,
				29FFBD401E9CB709003BF51C /* CustomTVC.swift in Sources */,
				29FFBD411E9CB709003BF51C /* NotfcationVC.swift in Sources */,
				29FFBD421E9CB709003BF51C /* NotifcationTVC.swift in Sources */,
				29FFBD431E9CB709003BF51C /* ShareViewController.swift in Sources */,
				EA3EABE21E9F564F00BF643F /* ViewCampaigns.swift in Sources */,
				52CC05071E6B407E00BC93A9 /* Networking.swift in Sources */,
				882DF5E11EA93409005FE15D /* landscapeAVplayerController.swift in Sources */,
				52CC05101E6B413900BC93A9 /* DataHolder.swift in Sources */,
				52CC05161E6B4A4100BC93A9 /* UserDH.swift in Sources */,
				52CC05081E6B407E00BC93A9 /* OutputResult.swift in Sources */,
				2971225F1E6C58E400705863 /* FogetPassViewController.swift in Sources */,
				8822E6821E6E98F1006B8317 /* DoneController.swift in Sources */,
				EA3EABDA1E9E273400BF643F /* CustomUpcomingTableViewCell.swift in Sources */,
				EA0B43E61E715161009C33A8 /* Slot.swift in Sources */,
				EA3EABE61E9F5BAD00BF643F /* ListManager.swift in Sources */,
				29FFBD6F1E9E0A0B003BF51C /* reach.swift in Sources */,
				297122591E6C2BB200705863 /* StaticInfoViewController.swift in Sources */,
				52CC051A1E6B53D300BC93A9 /* PathsManager.swift in Sources */,
				52CC04F61E6B2F2400BC93A9 /* ViewController.swift in Sources */,
				882575F91EA362A00072C724 /* Alert.swift in Sources */,
				EA57148E1E9B5D430054914E /* MyPreviousDonation.swift in Sources */,
				297122571E6C2AD900705863 /* EntryViewController.swift in Sources */,
				EA3EABB61E9B704E00BF643F /* Donations.swift in Sources */,
				52CC05121E6B41C400BC93A9 /* Validator.swift in Sources */,
				EA3EABDE1E9F3FB200BF643F /* CustomCampaigns.swift in Sources */,
				8822E67E1E6D37C2006B8317 /* Donor.swift in Sources */,
				EA3EABE01E9F3FD800BF643F /* Campaigns.swift in Sources */,
				297122631E6C5A2000705863 /* BookAppViewController.swift in Sources */,
				297122651E6C753A00705863 /* DonorProfileVC.swift in Sources */,
				2971225D1E6C58C400705863 /* RegisterViewController.swift in Sources */,
				52CC04F41E6B2F2400BC93A9 /* AppDelegate.swift in Sources */,
				297122611E6C598F00705863 /* MyDnationsVC.swift in Sources */,
				EA3EABDC1E9E352700BF643F /* CustomPrevious.swift in Sources */,
				EA57148C1E9B5C770054914E /* UpcomingTableVC.swift in Sources */,
				52CC05141E6B41EC00BC93A9 /* Printer.swift in Sources */,
				2971225B1E6C588A00705863 /* LoginViewController.swift in Sources */,
				52CC05181E6B4E1300BC93A9 /* Const.swift in Sources */,
				8822E6861E6FFB6A006B8317 /* Branchs.swift in Sources */,
				EA3EABE41E9F59B800BF643F /* Campaign.swift in Sources */,
				29FFBD491E9CDDD1003BF51C /* SettingsVC.swift in Sources */,
			);
			runOnlyForDeploymentPostprocessing = 0;
		};
/* End PBXSourcesBuildPhase section */

/* Begin PBXVariantGroup section */
		52CC04F71E6B2F2500BC93A9 /* Main.storyboard */ = {
			isa = PBXVariantGroup;
			children = (
				52CC04F81E6B2F2500BC93A9 /* Base */,
				8829954A1EA4E13500AE0F39 /* ar */,
			);
			name = Main.storyboard;
			sourceTree = "<group>";
		};
		52CC04FC1E6B2F2600BC93A9 /* LaunchScreen.storyboard */ = {
			isa = PBXVariantGroup;
			children = (
				52CC04FD1E6B2F2600BC93A9 /* Base */,
				882995401EA4A79F00AE0F39 /* ar */,
			);
			name = LaunchScreen.storyboard;
			sourceTree = "<group>";
		};
/* End PBXVariantGroup section */

/* Begin XCBuildConfiguration section */
		52CC05001E6B2F2600BC93A9 /* Debug */ = {
			isa = XCBuildConfiguration;
			buildSettings = {
				ALWAYS_SEARCH_USER_PATHS = NO;
				CLANG_ANALYZER_NONNULL = YES;
				CLANG_CXX_LANGUAGE_STANDARD = "gnu++0x";
				CLANG_CXX_LIBRARY = "libc++";
				CLANG_ENABLE_MODULES = YES;
				CLANG_ENABLE_OBJC_ARC = YES;
				CLANG_WARN_BOOL_CONVERSION = YES;
				CLANG_WARN_CONSTANT_CONVERSION = YES;
				CLANG_WARN_DIRECT_OBJC_ISA_USAGE = YES_ERROR;
				CLANG_WARN_EMPTY_BODY = YES;
				CLANG_WARN_ENUM_CONVERSION = YES;
				CLANG_WARN_INT_CONVERSION = YES;
				CLANG_WARN_OBJC_ROOT_CLASS = YES_ERROR;
				CLANG_WARN_UNREACHABLE_CODE = YES;
				CLANG_WARN__DUPLICATE_METHOD_MATCH = YES;
				"CODE_SIGN_IDENTITY[sdk=iphoneos*]" = "iPhone Developer";
				COPY_PHASE_STRIP = NO;
				DEBUG_INFORMATION_FORMAT = dwarf;
				ENABLE_STRICT_OBJC_MSGSEND = YES;
				ENABLE_TESTABILITY = YES;
				GCC_C_LANGUAGE_STANDARD = gnu99;
				GCC_DYNAMIC_NO_PIC = NO;
				GCC_NO_COMMON_BLOCKS = YES;
				GCC_OPTIMIZATION_LEVEL = 0;
				GCC_PREPROCESSOR_DEFINITIONS = (
					"DEBUG=1",
					"$(inherited)",
				);
				GCC_WARN_64_TO_32_BIT_CONVERSION = YES;
				GCC_WARN_ABOUT_RETURN_TYPE = YES_ERROR;
				GCC_WARN_UNDECLARED_SELECTOR = YES;
				GCC_WARN_UNINITIALIZED_AUTOS = YES_AGGRESSIVE;
				GCC_WARN_UNUSED_FUNCTION = YES;
				GCC_WARN_UNUSED_VARIABLE = YES;
				IPHONEOS_DEPLOYMENT_TARGET = 9.3;
				MTL_ENABLE_DEBUG_INFO = YES;
				ONLY_ACTIVE_ARCH = YES;
				SDKROOT = iphoneos;
				SWIFT_OPTIMIZATION_LEVEL = "-Onone";
			};
			name = Debug;
		};
		52CC05011E6B2F2600BC93A9 /* Release */ = {
			isa = XCBuildConfiguration;
			buildSettings = {
				ALWAYS_SEARCH_USER_PATHS = NO;
				CLANG_ANALYZER_NONNULL = YES;
				CLANG_CXX_LANGUAGE_STANDARD = "gnu++0x";
				CLANG_CXX_LIBRARY = "libc++";
				CLANG_ENABLE_MODULES = YES;
				CLANG_ENABLE_OBJC_ARC = YES;
				CLANG_WARN_BOOL_CONVERSION = YES;
				CLANG_WARN_CONSTANT_CONVERSION = YES;
				CLANG_WARN_DIRECT_OBJC_ISA_USAGE = YES_ERROR;
				CLANG_WARN_EMPTY_BODY = YES;
				CLANG_WARN_ENUM_CONVERSION = YES;
				CLANG_WARN_INT_CONVERSION = YES;
				CLANG_WARN_OBJC_ROOT_CLASS = YES_ERROR;
				CLANG_WARN_UNREACHABLE_CODE = YES;
				CLANG_WARN__DUPLICATE_METHOD_MATCH = YES;
				"CODE_SIGN_IDENTITY[sdk=iphoneos*]" = "iPhone Developer";
				COPY_PHASE_STRIP = NO;
				DEBUG_INFORMATION_FORMAT = "dwarf-with-dsym";
				ENABLE_NS_ASSERTIONS = NO;
				ENABLE_STRICT_OBJC_MSGSEND = YES;
				GCC_C_LANGUAGE_STANDARD = gnu99;
				GCC_NO_COMMON_BLOCKS = YES;
				GCC_WARN_64_TO_32_BIT_CONVERSION = YES;
				GCC_WARN_ABOUT_RETURN_TYPE = YES_ERROR;
				GCC_WARN_UNDECLARED_SELECTOR = YES;
				GCC_WARN_UNINITIALIZED_AUTOS = YES_AGGRESSIVE;
				GCC_WARN_UNUSED_FUNCTION = YES;
				GCC_WARN_UNUSED_VARIABLE = YES;
				IPHONEOS_DEPLOYMENT_TARGET = 9.3;
				MTL_ENABLE_DEBUG_INFO = NO;
				SDKROOT = iphoneos;
				VALIDATE_PRODUCT = YES;
			};
			name = Release;
		};
		52CC05031E6B2F2600BC93A9 /* Debug */ = {
			isa = XCBuildConfiguration;
			baseConfigurationReference = 9A2E775B3980EE75173FA376 /* Pods-MHealth.debug.xcconfig */;
			buildSettings = {
				ASSETCATALOG_COMPILER_APPICON_NAME = AppIcon;
				INFOPLIST_FILE = MHealth/Info.plist;
				LD_RUNPATH_SEARCH_PATHS = "$(inherited) @executable_path/Frameworks";
				PRODUCT_BUNDLE_IDENTIFIER = com.ibm.pifss.donor;
				PRODUCT_NAME = "$(TARGET_NAME)";
			};
			name = Debug;
		};
		52CC05041E6B2F2600BC93A9 /* Release */ = {
			isa = XCBuildConfiguration;
			baseConfigurationReference = 20300A90085D875DF02F3899 /* Pods-MHealth.release.xcconfig */;
			buildSettings = {
				ASSETCATALOG_COMPILER_APPICON_NAME = AppIcon;
				INFOPLIST_FILE = MHealth/Info.plist;
				LD_RUNPATH_SEARCH_PATHS = "$(inherited) @executable_path/Frameworks";
				PRODUCT_BUNDLE_IDENTIFIER = com.ibm.pifss.donor;
				PRODUCT_NAME = "$(TARGET_NAME)";
			};
			name = Release;
		};
/* End XCBuildConfiguration section */

/* Begin XCConfigurationList section */
		52CC04EB1E6B2F2100BC93A9 /* Build configuration list for PBXProject "MHealth" */ = {
			isa = XCConfigurationList;
			buildConfigurations = (
				52CC05001E6B2F2600BC93A9 /* Debug */,
				52CC05011E6B2F2600BC93A9 /* Release */,
			);
			defaultConfigurationIsVisible = 0;
			defaultConfigurationName = Release;
		};
		52CC05021E6B2F2600BC93A9 /* Build configuration list for PBXNativeTarget "MHealth" */ = {
			isa = XCConfigurationList;
			buildConfigurations = (
				52CC05031E6B2F2600BC93A9 /* Debug */,
				52CC05041E6B2F2600BC93A9 /* Release */,
			);
			defaultConfigurationIsVisible = 0;
			defaultConfigurationName = Release;
		};
/* End XCConfigurationList section */
	};
	rootObject = 52CC04E81E6B2F2100BC93A9 /* Project object */;
}
